Microsoft Visual Studio Solution File, Format Version 8.00
Project("{8BC9CEB8-8B4A-11D0-8D11-00A0C91BC942}") = "Ex", "Ex.vcproj", "{CBCEEF34-E21D-4FAF-AEA6-805C62BED9C2}"
	ProjectSection(ProjectDependencies) = postProject
	EndProjectSection
EndProject
Project("{8BC9CEB8-8B4A-11D0-8D11-00A0C91BC942}") = "utEx", "utEx\utEx.vcproj", "{F59209A2-E97E-437A-9FEB-76D4F31BB304}"
	ProjectSection(ProjectDependencies) = postProject
		{CBCEEF34-E21D-4FAF-AEA6-805C62BED9C2} = {CBCEEF34-E21D-4FAF-AEA6-805C62BED9C2}
		{1FE78ABE-6A79-44BE-9D52-ACFFDDD6E8E2} = {1FE78ABE-6A79-44BE-9D52-ACFFDDD6E8E2}
		{A74F38EB-7D21-4E03-94A7-26791D3A3146} = {A74F38EB-7D21-4E03-94A7-26791D3A3146}
	EndProjectSection
EndProject
Project("{8BC9CEB8-8B4A-11D0-8D11-00A0C91BC942}") = "utLogger", "utLogger\utLogger.vcproj", "{A457033D-7AE5-4700-8AE2-609FCD994AF5}"
	ProjectSection(ProjectDependencies) = postProject
		{CBCEEF34-E21D-4FAF-AEA6-805C62BED9C2} = {CBCEEF34-E21D-4FAF-AEA6-805C62BED9C2}
		{A74F38EB-7D21-4E03-94A7-26791D3A3146} = {A74F38EB-7D21-4E03-94A7-26791D3A3146}
	EndProjectSection
EndProject
Project("{8BC9CEB8-8B4A-11D0-8D11-00A0C91BC942}") = "itLogger", "itLogger\itLogger.vcproj", "{916386D0-53E0-480D-8D46-3111E05A1DB1}"
	ProjectSection(ProjectDependencies) = postProject
		{CBCEEF34-E21D-4FAF-AEA6-805C62BED9C2} = {CBCEEF34-E21D-4FAF-AEA6-805C62BED9C2}
		{1FE78ABE-6A79-44BE-9D52-ACFFDDD6E8E2} = {1FE78ABE-6A79-44BE-9D52-ACFFDDD6E8E2}
		{A74F38EB-7D21-4E03-94A7-26791D3A3146} = {A74F38EB-7D21-4E03-94A7-26791D3A3146}
	EndProjectSection
EndProject
Project("{8BC9CEB8-8B4A-11D0-8D11-00A0C91BC942}") = "Win32", "..\Win32\Win32.vcproj", "{1FE78ABE-6A79-44BE-9D52-ACFFDDD6E8E2}"
	ProjectSection(ProjectDependencies) = postProject
	EndProjectSection
EndProject
Project("{8BC9CEB8-8B4A-11D0-8D11-00A0C91BC942}") = "HhUnitTestFramework", "..\HhUnitTestFramework\HhUnitTestFramework.vcproj", "{A74F38EB-7D21-4E03-94A7-26791D3A3146}"
	ProjectSection(ProjectDependencies) = postProject
	EndProjectSection
EndProject
Global
	GlobalSection(SolutionConfiguration) = preSolution
		Debug = Debug
		Release = Release
	EndGlobalSection
	GlobalSection(ProjectConfiguration) = postSolution
		{CBCEEF34-E21D-4FAF-AEA6-805C62BED9C2}.Debug.ActiveCfg = Debug|Win32
		{CBCEEF34-E21D-4FAF-AEA6-805C62BED9C2}.Debug.Build.0 = Debug|Win32
		{CBCEEF34-E21D-4FAF-AEA6-805C62BED9C2}.Release.ActiveCfg = Release|Win32
		{CBCEEF34-E21D-4FAF-AEA6-805C62BED9C2}.Release.Build.0 = Release|Win32
		{F59209A2-E97E-437A-9FEB-76D4F31BB304}.Debug.ActiveCfg = Debug|Win32
		{F59209A2-E97E-437A-9FEB-76D4F31BB304}.Debug.Build.0 = Debug|Win32
		{F59209A2-E97E-437A-9FEB-76D4F31BB304}.Release.ActiveCfg = Release|Win32
		{F59209A2-E97E-437A-9FEB-76D4F31BB304}.Release.Build.0 = Release|Win32
		{A457033D-7AE5-4700-8AE2-609FCD994AF5}.Debug.ActiveCfg = Debug|Win32
		{A457033D-7AE5-4700-8AE2-609FCD994AF5}.Debug.Build.0 = Debug|Win32
		{A457033D-7AE5-4700-8AE2-609FCD994AF5}.Release.ActiveCfg = Release|Win32
		{A457033D-7AE5-4700-8AE2-609FCD994AF5}.Release.Build.0 = Release|Win32
		{916386D0-53E0-480D-8D46-3111E05A1DB1}.Debug.ActiveCfg = Debug|Win32
		{916386D0-53E0-480D-8D46-3111E05A1DB1}.Debug.Build.0 = Debug|Win32
		{916386D0-53E0-480D-8D46-3111E05A1DB1}.Release.ActiveCfg = Release|Win32
		{916386D0-53E0-480D-8D46-3111E05A1DB1}.Release.Build.0 = Release|Win32
		{1FE78ABE-6A79-44BE-9D52-ACFFDDD6E8E2}.Debug.ActiveCfg = Debug|Win32
		{1FE78ABE-6A79-44BE-9D52-ACFFDDD6E8E2}.Debug.Build.0 = Debug|Win32
		{1FE78ABE-6A79-44BE-9D52-ACFFDDD6E8E2}.Release.ActiveCfg = Release|Win32
		{1FE78ABE-6A79-44BE-9D52-ACFFDDD6E8E2}.Release.Build.0 = Release|Win32
		{A74F38EB-7D21-4E03-94A7-26791D3A3146}.Debug.ActiveCfg = Debug|Win32
		{A74F38EB-7D21-4E03-94A7-26791D3A3146}.Debug.Build.0 = Debug|Win32
		{A74F38EB-7D21-4E03-94A7-26791D3A3146}.Release.ActiveCfg = Release|Win32
		{A74F38EB-7D21-4E03-94A7-26791D3A3146}.Release.Build.0 = Release|Win32
	EndGlobalSection
	GlobalSection(ExtensibilityGlobals) = postSolution
	EndGlobalSection
	GlobalSection(ExtensibilityAddIns) = postSolution
	EndGlobalSection
EndGlobal
